
Microsoft Visual Studio Solution File, Format Version 12.00
# Visual Studio 2013
VisualStudioVersion = 12.0.31101.0
MinimumVisualStudioVersion = 10.0.40219.1
Project("{2150E333-8FDC-42A3-9474-1A3956D46DE8}") = "01.Introduction", "01.Introduction", "{7C597690-2B68-4904-98AC-4891C8D2B2AE}"
EndProject
Project("{FAE04EC0-301F-11D3-BF4B-00C04F79EFBC}") = "First100Members", "First100Members\First100Members.csproj", "{243AA1AC-F972-45AC-8559-F3137E99CB4E}"
EndProject
Project("{2150E333-8FDC-42A3-9474-1A3956D46DE8}") = "02.PrimitiveTypesAndVariables", "02.PrimitiveTypesAndVariables", "{83CB9E8F-F424-4FB9-B84D-19CA3BB17EB2}"
EndProject
Project("{FAE04EC0-301F-11D3-BF4B-00C04F79EFBC}") = "IsoscelesTriangle", "IsoscelesTriangle\IsoscelesTriangle.csproj", "{1CABE431-2EA5-4E9D-9D8C-4F78055195AE}"
EndProject
Project("{2150E333-8FDC-42A3-9474-1A3956D46DE8}") = "03.OperatorsAndExpressions", "03.OperatorsAndExpressions", "{A0F5FBB1-BA69-43AC-B030-FE943D825865}"
EndProject
Project("{FAE04EC0-301F-11D3-BF4B-00C04F79EFBC}") = "PrimeNumberCheck", "PrimeNumberCheck\PrimeNumberCheck.csproj", "{49B9C040-DA87-4590-BFAD-573D905549AE}"
EndProject
Project("{2150E333-8FDC-42A3-9474-1A3956D46DE8}") = "04.ConsoleInputAndOutput", "04.ConsoleInputAndOutput", "{46DEFD0D-C4BF-4180-8937-9248B10B3AD4}"
EndProject
Project("{FAE04EC0-301F-11D3-BF4B-00C04F79EFBC}") = "SumOfFiveNumbers", "SumOfFiveNumbers\SumOfFiveNumbers.csproj", "{93DC68BB-5066-4B8D-A284-B63158CF53E8}"
EndProject
Project("{2150E333-8FDC-42A3-9474-1A3956D46DE8}") = "05.ConditionalStatements", "05.ConditionalStatements", "{0E2413CF-FA29-4BB9-BFB3-CAEF6EA880E0}"
EndProject
Project("{FAE04EC0-301F-11D3-BF4B-00C04F79EFBC}") = "GreatestNumber", "GreatestNumberMain\GreatestNumber.csproj", "{4E6EBC84-AFB6-4322-8E6D-A8154925013A}"
EndProject
Project("{2150E333-8FDC-42A3-9474-1A3956D46DE8}") = "06.Loops", "06.Loops", "{5F389800-7493-43B9-8EFB-07ABC80F6EB7}"
EndProject
Project("{FAE04EC0-301F-11D3-BF4B-00C04F79EFBC}") = "RandomSequence", "RandomSequence\RandomSequence.csproj", "{C310631F-5D86-4ACB-94EB-4B1C78A39778}"
EndProject
Project("{2150E333-8FDC-42A3-9474-1A3956D46DE8}") = "07.Arrays", "07.Arrays", "{AA24A7D2-BEF6-435F-B440-FC55CA66872C}"
EndProject
Project("{FAE04EC0-301F-11D3-BF4B-00C04F79EFBC}") = "MinimumSortedElements", "MinimumSortedElements\MinimumSortedElements.csproj", "{A9215C4E-AC9F-4245-863B-4DF110E7D810}"
EndProject
Project("{2150E333-8FDC-42A3-9474-1A3956D46DE8}") = "08.NumeralSystems", "08.NumeralSystems", "{4E7CC869-6170-46CE-B787-00DD6DB2E6A7}"
EndProject
Project("{FAE04EC0-301F-11D3-BF4B-00C04F79EFBC}") = "ArabicToRoman", "ArabicToRoman\ArabicToRoman.csproj", "{5A16B799-F7AD-4CEF-A421-7E261A569198}"
EndProject
Project("{2150E333-8FDC-42A3-9474-1A3956D46DE8}") = "09.Methods", "09.Methods", "{57C962A2-6F3E-450D-A05B-075868F4F938}"
EndProject
Project("{FAE04EC0-301F-11D3-BF4B-00C04F79EFBC}") = "BiggestElement", "BiggestElement\BiggestElement.csproj", "{84840AC6-02F6-4595-BA5F-D2B0A9FB6A2C}"
EndProject
Project("{2150E333-8FDC-42A3-9474-1A3956D46DE8}") = "10.Recursion", "10.Recursion", "{B0AEFD42-1CFE-407D-96D9-3E52B2643D34}"
EndProject
Project("{FAE04EC0-301F-11D3-BF4B-00C04F79EFBC}") = "StringCombinations", "StringCombinations\StringCombinations.csproj", "{205B76D5-673C-4DE4-8AF5-382E9CE513C5}"
EndProject
Project("{2150E333-8FDC-42A3-9474-1A3956D46DE8}") = "11.CreatingAndUsingObjects", "11.CreatingAndUsingObjects", "{B01EFE0B-B819-4164-B426-62583E7BAADC}"
EndProject
Project("{FAE04EC0-301F-11D3-BF4B-00C04F79EFBC}") = "CreatingAndUsingObjects", "CreatingAndUsingObjects\CreatingAndUsingObjects.csproj", "{CB68C564-3237-4700-BFE9-447C8BE05196}"
EndProject
Project("{2150E333-8FDC-42A3-9474-1A3956D46DE8}") = "12.ExceptionHandling", "12.ExceptionHandling", "{163B91F1-68C9-41FC-A2F2-233809925389}"
EndProject
Project("{FAE04EC0-301F-11D3-BF4B-00C04F79EFBC}") = "CalculateSqrt", "CalculateSqrt\CalculateSqrt.csproj", "{4F793C16-B7DA-4516-9EAC-9CD7935FD5C6}"
EndProject
Project("{2150E333-8FDC-42A3-9474-1A3956D46DE8}") = "13.StringsAndTextProcessing", "13.StringsAndTextProcessing", "{A6693005-3A77-4D5C-989A-C336ECA6E38C}"
EndProject
Project("{FAE04EC0-301F-11D3-BF4B-00C04F79EFBC}") = "RemoveRepeatingLetters", "RemoveRepeatingLetters\RemoveRepeatingLetters.csproj", "{A5D22641-41D1-4DCA-8A1A-A22BEE059663}"
EndProject
Project("{2150E333-8FDC-42A3-9474-1A3956D46DE8}") = "14.DefiningClasses", "14.DefiningClasses", "{2A2EE959-61D3-46D0-AEB6-DE72F5BD4F48}"
EndProject
Project("{FAE04EC0-301F-11D3-BF4B-00C04F79EFBC}") = "BookLibrary", "BookLibrary\BookLibrary.csproj", "{D5147CE5-ED5A-4D89-ADFA-DFE9CDBABB20}"
EndProject
Project("{2150E333-8FDC-42A3-9474-1A3956D46DE8}") = "15.TextFiles", "15.TextFiles", "{3864C473-BE03-44C3-B875-B990292460B5}"
EndProject
Project("{FAE04EC0-301F-11D3-BF4B-00C04F79EFBC}") = "DeleteOddLines", "DeleteOddLines\DeleteOddLines.csproj", "{7E33F1E2-9767-4B62-9EB0-40DC21ED5FE1}"
EndProject
Project("{2150E333-8FDC-42A3-9474-1A3956D46DE8}") = "16.LinearDataStructures", "16.LinearDataStructures", "{BB5BCC35-A0CF-4F0A-8EB4-16AFEDED3020}"
EndProject
Project("{FAE04EC0-301F-11D3-BF4B-00C04F79EFBC}") = "LongestSequenceOfEqualElements", "LongestSequenceOfEqualElements\LongestSequenceOfEqualElements.csproj", "{8C246C67-51C2-496C-BD40-4DA4782E50E9}"
EndProject
Project("{2150E333-8FDC-42A3-9474-1A3956D46DE8}") = "17.TreesAndGraphs", "17.TreesAndGraphs", "{E924A2B0-6C20-425F-BA80-212A79E12B14}"
EndProject
Project("{FAE04EC0-301F-11D3-BF4B-00C04F79EFBC}") = "NumberOfOccurances", "NumberOfOccurances\NumberOfOccurances.csproj", "{82AC7F93-5E6C-4E29-B3EC-3AA53DC3D2D1}"
EndProject
Project("{2150E333-8FDC-42A3-9474-1A3956D46DE8}") = "18.DictionariesHashTablesAndSets", "18.DictionariesHashTablesAndSets", "{0AF65A3A-9E41-4BE5-8595-F6C908AD535E}"
EndProject
Project("{FAE04EC0-301F-11D3-BF4B-00C04F79EFBC}") = "RemoveOddOccurings", "RemoveOddOccurings\RemoveOddOccurings.csproj", "{E2662101-80D3-4891-A808-2DE44CFC3729}"
EndProject
Project("{2150E333-8FDC-42A3-9474-1A3956D46DE8}") = "19.DataStructuresAndAlgorithmComplexity", "19.DataStructuresAndAlgorithmComplexity", "{34893513-F5AA-4977-B60F-98D66DA9BF59}"
EndProject
Project("{FAE04EC0-301F-11D3-BF4B-00C04F79EFBC}") = "Supermarket", "Supermarket\Supermarket.csproj", "{30760405-6941-4D54-BD3A-BB29839612F3}"
EndProject
Project("{2150E333-8FDC-42A3-9474-1A3956D46DE8}") = "20.OOP", "20.OOP", "{8B490006-C74C-4B42-A2F8-F95DDD6AC88B}"
EndProject
Project("{FAE04EC0-301F-11D3-BF4B-00C04F79EFBC}") = "Animals", "Animals\Animals.csproj", "{723719E1-290D-430A-8E55-A5DB1EF8384B}"
EndProject
Project("{2150E333-8FDC-42A3-9474-1A3956D46DE8}") = "21.HQC", "21.HQC", "{DE631FCF-4A51-41A1-A2EB-70A64FDD5F4C}"
EndProject
Project("{FAE04EC0-301F-11D3-BF4B-00C04F79EFBC}") = "InputReader", "InputReader\InputReader.csproj", "{6BBC2D03-16B3-415A-A0E8-0DC2FEC79E68}"
EndProject
Project("{2150E333-8FDC-42A3-9474-1A3956D46DE8}") = "22.Linq", "22.Linq", "{F7A192D5-B0A4-4515-87FA-E462158F331A}"
EndProject
Project("{FAE04EC0-301F-11D3-BF4B-00C04F79EFBC}") = "School", "School\School.csproj", "{E53EC2C1-653B-4714-A5A9-1E1971F287B3}"
EndProject
Project("{2150E333-8FDC-42A3-9474-1A3956D46DE8}") = "23.MethodologyOfProblemSolving", "23.MethodologyOfProblemSolving", "{219824F3-284D-4EAC-AA62-D414FAE5EDA7}"
EndProject
Project("{FAE04EC0-301F-11D3-BF4B-00C04F79EFBC}") = "ShortestPathGenerator", "ShortestPathGenerator\ShortestPathGenerator.csproj", "{CFB86489-0087-4F74-9019-4920BDEF92F2}"
EndProject
Global
	GlobalSection(SolutionConfigurationPlatforms) = preSolution
		Debug|Any CPU = Debug|Any CPU
		Release|Any CPU = Release|Any CPU
	EndGlobalSection
	GlobalSection(ProjectConfigurationPlatforms) = postSolution
		{243AA1AC-F972-45AC-8559-F3137E99CB4E}.Debug|Any CPU.ActiveCfg = Debug|Any CPU
		{243AA1AC-F972-45AC-8559-F3137E99CB4E}.Debug|Any CPU.Build.0 = Debug|Any CPU
		{243AA1AC-F972-45AC-8559-F3137E99CB4E}.Release|Any CPU.ActiveCfg = Release|Any CPU
		{243AA1AC-F972-45AC-8559-F3137E99CB4E}.Release|Any CPU.Build.0 = Release|Any CPU
		{1CABE431-2EA5-4E9D-9D8C-4F78055195AE}.Debug|Any CPU.ActiveCfg = Debug|Any CPU
		{1CABE431-2EA5-4E9D-9D8C-4F78055195AE}.Debug|Any CPU.Build.0 = Debug|Any CPU
		{1CABE431-2EA5-4E9D-9D8C-4F78055195AE}.Release|Any CPU.ActiveCfg = Release|Any CPU
		{1CABE431-2EA5-4E9D-9D8C-4F78055195AE}.Release|Any CPU.Build.0 = Release|Any CPU
		{49B9C040-DA87-4590-BFAD-573D905549AE}.Debug|Any CPU.ActiveCfg = Debug|Any CPU
		{49B9C040-DA87-4590-BFAD-573D905549AE}.Debug|Any CPU.Build.0 = Debug|Any CPU
		{49B9C040-DA87-4590-BFAD-573D905549AE}.Release|Any CPU.ActiveCfg = Release|Any CPU
		{49B9C040-DA87-4590-BFAD-573D905549AE}.Release|Any CPU.Build.0 = Release|Any CPU
		{93DC68BB-5066-4B8D-A284-B63158CF53E8}.Debug|Any CPU.ActiveCfg = Debug|Any CPU
		{93DC68BB-5066-4B8D-A284-B63158CF53E8}.Debug|Any CPU.Build.0 = Debug|Any CPU
		{93DC68BB-5066-4B8D-A284-B63158CF53E8}.Release|Any CPU.ActiveCfg = Release|Any CPU
		{93DC68BB-5066-4B8D-A284-B63158CF53E8}.Release|Any CPU.Build.0 = Release|Any CPU
		{4E6EBC84-AFB6-4322-8E6D-A8154925013A}.Debug|Any CPU.ActiveCfg = Debug|Any CPU
		{4E6EBC84-AFB6-4322-8E6D-A8154925013A}.Debug|Any CPU.Build.0 = Debug|Any CPU
		{4E6EBC84-AFB6-4322-8E6D-A8154925013A}.Release|Any CPU.ActiveCfg = Release|Any CPU
		{4E6EBC84-AFB6-4322-8E6D-A8154925013A}.Release|Any CPU.Build.0 = Release|Any CPU
		{C310631F-5D86-4ACB-94EB-4B1C78A39778}.Debug|Any CPU.ActiveCfg = Debug|Any CPU
		{C310631F-5D86-4ACB-94EB-4B1C78A39778}.Debug|Any CPU.Build.0 = Debug|Any CPU
		{C310631F-5D86-4ACB-94EB-4B1C78A39778}.Release|Any CPU.ActiveCfg = Release|Any CPU
		{C310631F-5D86-4ACB-94EB-4B1C78A39778}.Release|Any CPU.Build.0 = Release|Any CPU
		{A9215C4E-AC9F-4245-863B-4DF110E7D810}.Debug|Any CPU.ActiveCfg = Debug|Any CPU
		{A9215C4E-AC9F-4245-863B-4DF110E7D810}.Debug|Any CPU.Build.0 = Debug|Any CPU
		{A9215C4E-AC9F-4245-863B-4DF110E7D810}.Release|Any CPU.ActiveCfg = Release|Any CPU
		{A9215C4E-AC9F-4245-863B-4DF110E7D810}.Release|Any CPU.Build.0 = Release|Any CPU
		{5A16B799-F7AD-4CEF-A421-7E261A569198}.Debug|Any CPU.ActiveCfg = Debug|Any CPU
		{5A16B799-F7AD-4CEF-A421-7E261A569198}.Debug|Any CPU.Build.0 = Debug|Any CPU
		{5A16B799-F7AD-4CEF-A421-7E261A569198}.Release|Any CPU.ActiveCfg = Release|Any CPU
		{5A16B799-F7AD-4CEF-A421-7E261A569198}.Release|Any CPU.Build.0 = Release|Any CPU
		{84840AC6-02F6-4595-BA5F-D2B0A9FB6A2C}.Debug|Any CPU.ActiveCfg = Debug|Any CPU
		{84840AC6-02F6-4595-BA5F-D2B0A9FB6A2C}.Debug|Any CPU.Build.0 = Debug|Any CPU
		{84840AC6-02F6-4595-BA5F-D2B0A9FB6A2C}.Release|Any CPU.ActiveCfg = Release|Any CPU
		{84840AC6-02F6-4595-BA5F-D2B0A9FB6A2C}.Release|Any CPU.Build.0 = Release|Any CPU
		{205B76D5-673C-4DE4-8AF5-382E9CE513C5}.Debug|Any CPU.ActiveCfg = Debug|Any CPU
		{205B76D5-673C-4DE4-8AF5-382E9CE513C5}.Debug|Any CPU.Build.0 = Debug|Any CPU
		{205B76D5-673C-4DE4-8AF5-382E9CE513C5}.Release|Any CPU.ActiveCfg = Release|Any CPU
		{205B76D5-673C-4DE4-8AF5-382E9CE513C5}.Release|Any CPU.Build.0 = Release|Any CPU
		{CB68C564-3237-4700-BFE9-447C8BE05196}.Debug|Any CPU.ActiveCfg = Debug|Any CPU
		{CB68C564-3237-4700-BFE9-447C8BE05196}.Debug|Any CPU.Build.0 = Debug|Any CPU
		{CB68C564-3237-4700-BFE9-447C8BE05196}.Release|Any CPU.ActiveCfg = Release|Any CPU
		{CB68C564-3237-4700-BFE9-447C8BE05196}.Release|Any CPU.Build.0 = Release|Any CPU
		{4F793C16-B7DA-4516-9EAC-9CD7935FD5C6}.Debug|Any CPU.ActiveCfg = Debug|Any CPU
		{4F793C16-B7DA-4516-9EAC-9CD7935FD5C6}.Debug|Any CPU.Build.0 = Debug|Any CPU
		{4F793C16-B7DA-4516-9EAC-9CD7935FD5C6}.Release|Any CPU.ActiveCfg = Release|Any CPU
		{4F793C16-B7DA-4516-9EAC-9CD7935FD5C6}.Release|Any CPU.Build.0 = Release|Any CPU
		{A5D22641-41D1-4DCA-8A1A-A22BEE059663}.Debug|Any CPU.ActiveCfg = Debug|Any CPU
		{A5D22641-41D1-4DCA-8A1A-A22BEE059663}.Debug|Any CPU.Build.0 = Debug|Any CPU
		{A5D22641-41D1-4DCA-8A1A-A22BEE059663}.Release|Any CPU.ActiveCfg = Release|Any CPU
		{A5D22641-41D1-4DCA-8A1A-A22BEE059663}.Release|Any CPU.Build.0 = Release|Any CPU
		{D5147CE5-ED5A-4D89-ADFA-DFE9CDBABB20}.Debug|Any CPU.ActiveCfg = Debug|Any CPU
		{D5147CE5-ED5A-4D89-ADFA-DFE9CDBABB20}.Debug|Any CPU.Build.0 = Debug|Any CPU
		{D5147CE5-ED5A-4D89-ADFA-DFE9CDBABB20}.Release|Any CPU.ActiveCfg = Release|Any CPU
		{D5147CE5-ED5A-4D89-ADFA-DFE9CDBABB20}.Release|Any CPU.Build.0 = Release|Any CPU
		{7E33F1E2-9767-4B62-9EB0-40DC21ED5FE1}.Debug|Any CPU.ActiveCfg = Debug|Any CPU
		{7E33F1E2-9767-4B62-9EB0-40DC21ED5FE1}.Debug|Any CPU.Build.0 = Debug|Any CPU
		{7E33F1E2-9767-4B62-9EB0-40DC21ED5FE1}.Release|Any CPU.ActiveCfg = Release|Any CPU
		{7E33F1E2-9767-4B62-9EB0-40DC21ED5FE1}.Release|Any CPU.Build.0 = Release|Any CPU
		{8C246C67-51C2-496C-BD40-4DA4782E50E9}.Debug|Any CPU.ActiveCfg = Debug|Any CPU
		{8C246C67-51C2-496C-BD40-4DA4782E50E9}.Debug|Any CPU.Build.0 = Debug|Any CPU
		{8C246C67-51C2-496C-BD40-4DA4782E50E9}.Release|Any CPU.ActiveCfg = Release|Any CPU
		{8C246C67-51C2-496C-BD40-4DA4782E50E9}.Release|Any CPU.Build.0 = Release|Any CPU
		{82AC7F93-5E6C-4E29-B3EC-3AA53DC3D2D1}.Debug|Any CPU.ActiveCfg = Debug|Any CPU
		{82AC7F93-5E6C-4E29-B3EC-3AA53DC3D2D1}.Debug|Any CPU.Build.0 = Debug|Any CPU
		{82AC7F93-5E6C-4E29-B3EC-3AA53DC3D2D1}.Release|Any CPU.ActiveCfg = Release|Any CPU
		{82AC7F93-5E6C-4E29-B3EC-3AA53DC3D2D1}.Release|Any CPU.Build.0 = Release|Any CPU
		{E2662101-80D3-4891-A808-2DE44CFC3729}.Debug|Any CPU.ActiveCfg = Debug|Any CPU
		{E2662101-80D3-4891-A808-2DE44CFC3729}.Debug|Any CPU.Build.0 = Debug|Any CPU
		{E2662101-80D3-4891-A808-2DE44CFC3729}.Release|Any CPU.ActiveCfg = Release|Any CPU
		{E2662101-80D3-4891-A808-2DE44CFC3729}.Release|Any CPU.Build.0 = Release|Any CPU
		{30760405-6941-4D54-BD3A-BB29839612F3}.Debug|Any CPU.ActiveCfg = Debug|Any CPU
		{30760405-6941-4D54-BD3A-BB29839612F3}.Debug|Any CPU.Build.0 = Debug|Any CPU
		{30760405-6941-4D54-BD3A-BB29839612F3}.Release|Any CPU.ActiveCfg = Release|Any CPU
		{30760405-6941-4D54-BD3A-BB29839612F3}.Release|Any CPU.Build.0 = Release|Any CPU
		{723719E1-290D-430A-8E55-A5DB1EF8384B}.Debug|Any CPU.ActiveCfg = Debug|Any CPU
		{723719E1-290D-430A-8E55-A5DB1EF8384B}.Debug|Any CPU.Build.0 = Debug|Any CPU
		{723719E1-290D-430A-8E55-A5DB1EF8384B}.Release|Any CPU.ActiveCfg = Release|Any CPU
		{723719E1-290D-430A-8E55-A5DB1EF8384B}.Release|Any CPU.Build.0 = Release|Any CPU
		{6BBC2D03-16B3-415A-A0E8-0DC2FEC79E68}.Debug|Any CPU.ActiveCfg = Debug|Any CPU
		{6BBC2D03-16B3-415A-A0E8-0DC2FEC79E68}.Debug|Any CPU.Build.0 = Debug|Any CPU
		{6BBC2D03-16B3-415A-A0E8-0DC2FEC79E68}.Release|Any CPU.ActiveCfg = Release|Any CPU
		{6BBC2D03-16B3-415A-A0E8-0DC2FEC79E68}.Release|Any CPU.Build.0 = Release|Any CPU
		{E53EC2C1-653B-4714-A5A9-1E1971F287B3}.Debug|Any CPU.ActiveCfg = Debug|Any CPU
		{E53EC2C1-653B-4714-A5A9-1E1971F287B3}.Debug|Any CPU.Build.0 = Debug|Any CPU
		{E53EC2C1-653B-4714-A5A9-1E1971F287B3}.Release|Any CPU.ActiveCfg = Release|Any CPU
		{E53EC2C1-653B-4714-A5A9-1E1971F287B3}.Release|Any CPU.Build.0 = Release|Any CPU
		{CFB86489-0087-4F74-9019-4920BDEF92F2}.Debug|Any CPU.ActiveCfg = Debug|Any CPU
		{CFB86489-0087-4F74-9019-4920BDEF92F2}.Debug|Any CPU.Build.0 = Debug|Any CPU
		{CFB86489-0087-4F74-9019-4920BDEF92F2}.Release|Any CPU.ActiveCfg = Release|Any CPU
		{CFB86489-0087-4F74-9019-4920BDEF92F2}.Release|Any CPU.Build.0 = Release|Any CPU
	EndGlobalSection
	GlobalSection(SolutionProperties) = preSolution
		HideSolutionNode = FALSE
	EndGlobalSection
	GlobalSection(NestedProjects) = preSolution
		{243AA1AC-F972-45AC-8559-F3137E99CB4E} = {7C597690-2B68-4904-98AC-4891C8D2B2AE}
		{1CABE431-2EA5-4E9D-9D8C-4F78055195AE} = {83CB9E8F-F424-4FB9-B84D-19CA3BB17EB2}
		{49B9C040-DA87-4590-BFAD-573D905549AE} = {A0F5FBB1-BA69-43AC-B030-FE943D825865}
		{93DC68BB-5066-4B8D-A284-B63158CF53E8} = {46DEFD0D-C4BF-4180-8937-9248B10B3AD4}
		{4E6EBC84-AFB6-4322-8E6D-A8154925013A} = {0E2413CF-FA29-4BB9-BFB3-CAEF6EA880E0}
		{C310631F-5D86-4ACB-94EB-4B1C78A39778} = {5F389800-7493-43B9-8EFB-07ABC80F6EB7}
		{A9215C4E-AC9F-4245-863B-4DF110E7D810} = {AA24A7D2-BEF6-435F-B440-FC55CA66872C}
		{5A16B799-F7AD-4CEF-A421-7E261A569198} = {4E7CC869-6170-46CE-B787-00DD6DB2E6A7}
		{84840AC6-02F6-4595-BA5F-D2B0A9FB6A2C} = {57C962A2-6F3E-450D-A05B-075868F4F938}
		{205B76D5-673C-4DE4-8AF5-382E9CE513C5} = {B0AEFD42-1CFE-407D-96D9-3E52B2643D34}
		{CB68C564-3237-4700-BFE9-447C8BE05196} = {B01EFE0B-B819-4164-B426-62583E7BAADC}
		{4F793C16-B7DA-4516-9EAC-9CD7935FD5C6} = {163B91F1-68C9-41FC-A2F2-233809925389}
		{A5D22641-41D1-4DCA-8A1A-A22BEE059663} = {A6693005-3A77-4D5C-989A-C336ECA6E38C}
		{D5147CE5-ED5A-4D89-ADFA-DFE9CDBABB20} = {2A2EE959-61D3-46D0-AEB6-DE72F5BD4F48}
		{7E33F1E2-9767-4B62-9EB0-40DC21ED5FE1} = {3864C473-BE03-44C3-B875-B990292460B5}
		{8C246C67-51C2-496C-BD40-4DA4782E50E9} = {BB5BCC35-A0CF-4F0A-8EB4-16AFEDED3020}
		{82AC7F93-5E6C-4E29-B3EC-3AA53DC3D2D1} = {E924A2B0-6C20-425F-BA80-212A79E12B14}
		{E2662101-80D3-4891-A808-2DE44CFC3729} = {0AF65A3A-9E41-4BE5-8595-F6C908AD535E}
		{30760405-6941-4D54-BD3A-BB29839612F3} = {34893513-F5AA-4977-B60F-98D66DA9BF59}
		{723719E1-290D-430A-8E55-A5DB1EF8384B} = {8B490006-C74C-4B42-A2F8-F95DDD6AC88B}
		{6BBC2D03-16B3-415A-A0E8-0DC2FEC79E68} = {DE631FCF-4A51-41A1-A2EB-70A64FDD5F4C}
		{E53EC2C1-653B-4714-A5A9-1E1971F287B3} = {F7A192D5-B0A4-4515-87FA-E462158F331A}
		{CFB86489-0087-4F74-9019-4920BDEF92F2} = {219824F3-284D-4EAC-AA62-D414FAE5EDA7}
	EndGlobalSection
EndGlobal
